{
    "_readme": [
        "This file locks the dependencies of your project to a known state",
        "Read more about it at https://getcomposer.org/doc/01-basic-usage.md#composer-lock-the-lock-file",
        "This file is @generated automatically"
    ],
    "content-hash": "52c0df3b59846a6f88a3ff13a6b044cd",
    "packages": [
        {
            "name": "phore/cli",
            "version": "dev-master",
            "source": {
                "type": "git",
                "url": "https://github.com/phore/cli.git",
                "reference": "53d9ae97398c7356c85740543bb52459a0337153"
            },
            "dist": {
                "type": "zip",
                "url": "https://api.github.com/repos/phore/cli/zipball/53d9ae97398c7356c85740543bb52459a0337153",
                "reference": "53d9ae97398c7356c85740543bb52459a0337153",
                "shasum": ""
            },
            "require": {
                "phore/di-base": "2.1.1",
                "php": ">=7.0"
            },
            "type": "library",
            "autoload": {
                "psr-4": {
                    "Phore\\Cli\\": "/src/Cli/"
                },
                "exclude-from-classmap": [
                    "/test/"
                ]
            },
            "notification-url": "https://packagist.org/downloads/",
            "license": [
                "MIT"
            ],
            "authors": [
                {
                    "name": "Matthias Leuffen",
                    "email": "matthes@leuffen.de"
                }
            ],
            "description": "phore cli interface",
            "homepage": "https://getgismo.com",
            "keywords": [
                "Phore",
                "framework"
            ],
            "time": "2019-05-03T14:49:17+00:00"
        },
        {
            "name": "phore/cloudtool",
            "version": "dev-master",
            "source": {
                "type": "git",
                "url": "https://github.com/phore/phore-cloudtool.git",
                "reference": "dd15a93902822a86abb94504f0aaebbc05894252"
            },
            "dist": {
                "type": "zip",
                "url": "https://api.github.com/repos/phore/phore-cloudtool/zipball/dd15a93902822a86abb94504f0aaebbc05894252",
                "reference": "dd15a93902822a86abb94504f0aaebbc05894252",
                "shasum": ""
            },
            "require": {
                "ext-pcre": "*",
                "phore/cli": "dev-master",
                "phore/filesystem": "dev-master",
                "phore/system": "dev-master",
                "php": ">=7.2",
                "text/template": "dev-master"
            },
            "bin": [
                "bin/cloudtool"
            ],
            "type": "library",
            "autoload": {
                "psr-4": {
                    "Phore\\CloudTool\\": "src/"
                }
            },
            "notification-url": "https://packagist.org/downloads/",
            "license": [
                "MIT"
            ],
            "authors": [
                {
                    "name": "Matthias Leuffen",
                    "email": "matthes@leuffen.de"
                }
            ],
            "description": "Script to update config files using template",
            "homepage": "http://infracamp.org/phore",
            "keywords": [
                "config",
                "template",
                "text"
            ],
            "time": "2019-06-03T17:02:51+00:00"
        },
        {
            "name": "phore/core",
            "version": "dev-master",
            "source": {
                "type": "git",
                "url": "https://github.com/phore/phore-core.git",
                "reference": "68203121e68d8f9bbffe24e2bc5dc15e95ff5119"
            },
            "dist": {
                "type": "zip",
                "url": "https://api.github.com/repos/phore/phore-core/zipball/68203121e68d8f9bbffe24e2bc5dc15e95ff5119",
                "reference": "68203121e68d8f9bbffe24e2bc5dc15e95ff5119",
                "shasum": ""
            },
            "require": {
                "php": ">=7.1"
            },
            "require-dev": {
                "ext-json": "*",
                "ext-sodium": "*",
                "ext-yaml": "*",
                "phpunit/phpunit": "*"
            },
            "suggest": {
                "ext-json": "Json encoding parsing",
                "ext-sodium": "Encryption functions",
                "ext-yaml": "Yaml encoding parsing"
            },
            "type": "library",
            "autoload": {
                "psr-4": {
                    "Phore\\Core\\": "src/"
                },
                "files": [
                    "src/functions.inc.php"
                ]
            },
            "notification-url": "https://packagist.org/downloads/",
            "license": [
                "MIT"
            ],
            "authors": [
                {
                    "name": "Matthias Leuffen",
                    "email": "m@tth.es"
                }
            ],
            "description": "Phore core library",
            "homepage": "https://infracamp.org/phore/",
            "time": "2019-06-04T13:51:09+00:00"
        },
        {
            "name": "phore/di-base",
            "version": "v2.1.1",
            "source": {
                "type": "git",
                "url": "https://github.com/phore/phore-di-base.git",
                "reference": "fef0410bef4d3db8a4c586e85f3c6d6bec830a1b"
            },
            "dist": {
                "type": "zip",
                "url": "https://api.github.com/repos/phore/phore-di-base/zipball/fef0410bef4d3db8a4c586e85f3c6d6bec830a1b",
                "reference": "fef0410bef4d3db8a4c586e85f3c6d6bec830a1b",
                "shasum": ""
            },
            "require": {
                "php": ">=7.0",
                "psr/container": "^1.0"
            },
            "require-dev": {
                "phpunit/phpunit": "*"
            },
            "type": "library",
            "extra": {
                "branch-alias": {
                    "dev-master": "0.1-dev"
                }
            },
            "autoload": {
                "psr-4": {
                    "Phore\\Di\\": "src/Di"
                }
            },
            "notification-url": "https://packagist.org/downloads/",
            "license": [
                "MIT"
            ],
            "authors": [
                {
                    "name": "Matthias Leuffen",
                    "email": "matthes@leuffen.de"
                }
            ],
            "description": "Dependency Injection Base Classes and Interfaces",
            "homepage": "https://getgismo.com",
            "keywords": [
                "Phore",
                "dependency injection",
                "di"
            ],
            "time": "2018-07-10T05:48:13+00:00"
        },
        {
            "name": "phore/filesystem",
            "version": "dev-master",
            "source": {
                "type": "git",
                "url": "https://github.com/phore/phore-filesystem.git",
                "reference": "986e255f774262fd9f5a2df0224b439e75eea7a4"
            },
            "dist": {
                "type": "zip",
                "url": "https://api.github.com/repos/phore/phore-filesystem/zipball/986e255f774262fd9f5a2df0224b439e75eea7a4",
                "reference": "986e255f774262fd9f5a2df0224b439e75eea7a4",
                "shasum": ""
            },
            "require": {
                "ext-json": "*",
                "ext-yaml": "*",
                "phore/core": "dev-master",
                "php": ">7.1",
                "psr/http-message": "^1.0@dev"
            },
            "require-dev": {
                "phpunit/phpunit": "^8.0@dev"
            },
            "type": "library",
            "autoload": {
                "psr-4": {
                    "Phore\\FileSystem\\": "src/"
                },
                "files": [
                    "src/functions.php"
                ]
            },
            "notification-url": "https://packagist.org/downloads/",
            "license": [
                "MIT"
            ],
            "authors": [
                {
                    "name": "Matthias Leuffen",
                    "email": "leuffen@continue.de"
                }
            ],
            "description": "Acces files layer",
            "time": "2019-05-31T12:14:05+00:00"
        },
        {
            "name": "phore/http-client",
            "version": "dev-master",
            "source": {
                "type": "git",
                "url": "https://github.com/phore/phore-http-client.git",
                "reference": "86e5f1c3c945a4ae5836afb15192e471aa11bfce"
            },
            "dist": {
                "type": "zip",
                "url": "https://api.github.com/repos/phore/phore-http-client/zipball/86e5f1c3c945a4ae5836afb15192e471aa11bfce",
                "reference": "86e5f1c3c945a4ae5836afb15192e471aa11bfce",
                "shasum": ""
            },
            "require": {
                "ext-curl": "*",
                "ext-http": "*",
                "ext-json": "*",
                "phore/core": "dev-master",
                "php": ">=7.1"
            },
            "require-dev": {
                "phore/cache": "*",
                "phore/objectstore": "*",
                "phpunit/phpunit": "*"
            },
            "suggest": {
                "phore/cache": "Use request caching"
            },
            "type": "library",
            "autoload": {
                "psr-4": {
                    "Phore\\HttpClient\\": "src/"
                },
                "files": [
                    "src/functions.php"
                ]
            },
            "notification-url": "https://packagist.org/downloads/",
            "license": [
                "MIT"
            ],
            "authors": [
                {
                    "name": "Matthias Leuffen",
                    "email": "m@tth.es"
                }
            ],
            "description": "Http client library for fast api access",
            "homepage": "https://infracamp.org/phore/",
            "keywords": [
                "Keyword1",
                "Keyword2"
            ],
            "time": "2019-05-24T20:41:44+00:00"
        },
        {
            "name": "phore/letsencrypt",
            "version": "dev-master",
            "source": {
                "type": "git",
                "url": "https://github.com/phore/phore-letsencrypt.git",
                "reference": "fd07b1114d6769f74a4a8fccd1ea76d07a2403d5"
            },
            "dist": {
                "type": "zip",
                "url": "https://api.github.com/repos/phore/phore-letsencrypt/zipball/fd07b1114d6769f74a4a8fccd1ea76d07a2403d5",
                "reference": "fd07b1114d6769f74a4a8fccd1ea76d07a2403d5",
                "shasum": ""
            },
            "require": {
                "ext-openssl": "*",
                "phore/core": "*",
                "phore/filesystem": "dev-master",
                "phore/http-client": "dev-master",
                "phore/micro-app": "dev-master",
                "phore/system": "dev-master",
                "php": ">=7.1"
            },
            "require-dev": {
                "phpunit/phpunit": "*"
            },
            "type": "library",
            "autoload": {
                "psr-4": {
                    "Phore\\Letsencrypt\\": "src/"
                },
                "files": []
            },
            "notification-url": "https://packagist.org/downloads/",
            "license": [
                "MIT"
            ],
            "authors": [
                {
                    "name": "Matthias Leuffen",
                    "email": "m@tth.es"
                }
            ],
            "description": "Letsencrypt wrapper and secure cert storage",
            "homepage": "https://infracamp.org/phore",
            "time": "2019-06-04T13:18:32+00:00"
        },
        {
            "name": "phore/micro-app",
            "version": "dev-master",
            "source": {
                "type": "git",
                "url": "https://github.com/phore/phore-micro-app.git",
                "reference": "855ca604ea90f4724819b2dffbee55c78ed200fa"
            },
            "dist": {
                "type": "zip",
                "url": "https://api.github.com/repos/phore/phore-micro-app/zipball/855ca604ea90f4724819b2dffbee55c78ed200fa",
                "reference": "855ca604ea90f4724819b2dffbee55c78ed200fa",
                "shasum": ""
            },
            "require": {
                "ext-json": "*",
                "ext-yaml": "*",
                "phore/core": "dev-master",
                "phore/di-base": "2.1.1",
                "php": ">7.1"
            },
            "require-dev": {
                "phore/http-client": "*",
                "phore/theme-coreui": "dev-master",
                "phpunit/phpunit": "*"
            },
            "type": "library",
            "autoload": {
                "psr-4": {
                    "Phore\\MicroApp\\": "src/"
                },
                "files": [
                    "src/functions.php"
                ]
            },
            "notification-url": "https://packagist.org/downloads/",
            "license": [
                "MIT"
            ],
            "authors": [
                {
                    "name": "Matthias Leuffen",
                    "email": "m@tth.es"
                }
            ],
            "description": "Micro framework for rest api webservices",
            "homepage": "https://infracamp.org/phore/",
            "time": "2019-05-29T17:16:47+00:00"
        },
        {
            "name": "phore/objectstore",
            "version": "dev-master",
            "source": {
                "type": "git",
                "url": "https://github.com/phore/phore-objectstore.git",
                "reference": "047e5d2f5778d53d9063c6a13824f10d193e428f"
            },
            "dist": {
                "type": "zip",
                "url": "https://api.github.com/repos/phore/phore-objectstore/zipball/047e5d2f5778d53d9063c6a13824f10d193e428f",
                "reference": "047e5d2f5778d53d9063c6a13824f10d193e428f",
                "shasum": ""
            },
            "require": {
                "ext-json": "*",
                "ext-yaml": "*",
                "phore/core": "dev-master",
                "php": ">=7.1"
            },
            "require-dev": {
                "google/cloud-storage": "dev-master",
                "nette/tester": "^2.1@dev",
                "phore/filesystem": "dev-master"
            },
            "suggest": {
                "google/cloud-storage": "If using Google Cloud services",
                "phore/filesystem": "If using filesystem driver"
            },
            "type": "library",
            "autoload": {
                "psr-4": {
                    "Phore\\ObjectStore\\": "src/"
                },
                "files": []
            },
            "notification-url": "https://packagist.org/downloads/",
            "license": [
                "MIT"
            ],
            "authors": [
                {
                    "name": "Matthias Leuffen",
                    "email": "m@tth.es"
                }
            ],
            "description": "Object store for local files, google, aws",
            "time": "2019-05-08T14:41:10+00:00"
        },
        {
            "name": "phore/system",
            "version": "dev-master",
            "source": {
                "type": "git",
                "url": "https://github.com/phore/phore-system.git",
                "reference": "1c9dfee76830b3303b4f0ac4e4634ed36bf45c63"
            },
            "dist": {
                "type": "zip",
                "url": "https://api.github.com/repos/phore/phore-system/zipball/1c9dfee76830b3303b4f0ac4e4634ed36bf45c63",
                "reference": "1c9dfee76830b3303b4f0ac4e4634ed36bf45c63",
                "shasum": ""
            },
            "require": {
                "phore/core": "*",
                "php": ">7.1"
            },
            "require-dev": {
                "phpunit/phpunit": "^8.1"
            },
            "type": "library",
            "autoload": {
                "psr-4": {
                    "Phore\\System\\": "src/"
                },
                "files": [
                    "src/functions.php"
                ]
            },
            "notification-url": "https://packagist.org/downloads/",
            "license": [
                "MIT"
            ],
            "authors": [
                {
                    "name": "Matthias Leuffen",
                    "email": "leuffen@continue.de"
                }
            ],
            "description": "Execute shell commands",
            "time": "2019-06-03T09:04:15+00:00"
        },
        {
            "name": "phore/vcs",
            "version": "dev-master",
            "source": {
                "type": "git",
                "url": "https://github.com/phore/phore-vcs.git",
                "reference": "72cc75c54b6f5d10f62cc65f6624e90390040eba"
            },
            "dist": {
                "type": "zip",
                "url": "https://api.github.com/repos/phore/phore-vcs/zipball/72cc75c54b6f5d10f62cc65f6624e90390040eba",
                "reference": "72cc75c54b6f5d10f62cc65f6624e90390040eba",
                "shasum": ""
            },
            "require": {
                "ext-json": "*",
                "ext-yaml": "*",
                "phore/filesystem": "dev-master",
                "phore/objectstore": "dev-master",
                "phore/system": "dev-master",
                "php": ">7.1"
            },
            "require-dev": {
                "phore/theme-coreui": "dev-master"
            },
            "type": "library",
            "autoload": {
                "psr-4": {
                    "Phore\\VCS\\": "src/"
                },
                "files": []
            },
            "notification-url": "https://packagist.org/downloads/",
            "license": [
                "MIT"
            ],
            "authors": [
                {
                    "name": "Matthias Leuffen",
                    "email": "leuffen@continue.de"
                }
            ],
            "description": "Wrapper for git",
            "time": "2019-06-04T16:53:24+00:00"
        },
        {
            "name": "psr/container",
            "version": "dev-master",
            "source": {
                "type": "git",
                "url": "https://github.com/php-fig/container.git",
                "reference": "014d250daebff39eba15ba990eeb2a140798e77c"
            },
            "dist": {
                "type": "zip",
                "url": "https://api.github.com/repos/php-fig/container/zipball/014d250daebff39eba15ba990eeb2a140798e77c",
                "reference": "014d250daebff39eba15ba990eeb2a140798e77c",
                "shasum": ""
            },
            "require": {
                "php": ">=5.3.0"
            },
            "type": "library",
            "extra": {
                "branch-alias": {
                    "dev-master": "1.0.x-dev"
                }
            },
            "autoload": {
                "psr-4": {
                    "Psr\\Container\\": "src/"
                }
            },
            "notification-url": "https://packagist.org/downloads/",
            "license": [
                "MIT"
            ],
            "authors": [
                {
                    "name": "PHP-FIG",
                    "homepage": "http://www.php-fig.org/"
                }
            ],
            "description": "Common Container Interface (PHP FIG PSR-11)",
            "homepage": "https://github.com/php-fig/container",
            "keywords": [
                "PSR-11",
                "container",
                "container-interface",
                "container-interop",
                "psr"
            ],
            "time": "2018-12-29T15:36:03+00:00"
        },
        {
            "name": "psr/http-message",
            "version": "dev-master",
            "source": {
                "type": "git",
                "url": "https://github.com/php-fig/http-message.git",
                "reference": "f6561bf28d520154e4b0ec72be95418abe6d9363"
            },
            "dist": {
                "type": "zip",
                "url": "https://api.github.com/repos/php-fig/http-message/zipball/f6561bf28d520154e4b0ec72be95418abe6d9363",
                "reference": "f6561bf28d520154e4b0ec72be95418abe6d9363",
                "shasum": ""
            },
            "require": {
                "php": ">=5.3.0"
            },
            "type": "library",
            "extra": {
                "branch-alias": {
                    "dev-master": "1.0.x-dev"
                }
            },
            "autoload": {
                "psr-4": {
                    "Psr\\Http\\Message\\": "src/"
                }
            },
            "notification-url": "https://packagist.org/downloads/",
            "license": [
                "MIT"
            ],
            "authors": [
                {
                    "name": "PHP-FIG",
                    "homepage": "http://www.php-fig.org/"
                }
            ],
            "description": "Common interface for HTTP messages",
            "homepage": "https://github.com/php-fig/http-message",
            "keywords": [
                "http",
                "http-message",
                "psr",
                "psr-7",
                "request",
                "response"
            ],
            "time": "2016-08-06T14:39:51+00:00"
        },
        {
            "name": "text/template",
            "version": "dev-master",
            "source": {
                "type": "git",
                "url": "https://github.com/dermatthes/text-template.git",
                "reference": "dcca3038b1c56e8293c881c9be57e7dbcc7d93c8"
            },
            "dist": {
                "type": "zip",
                "url": "https://api.github.com/repos/dermatthes/text-template/zipball/dcca3038b1c56e8293c881c9be57e7dbcc7d93c8",
                "reference": "dcca3038b1c56e8293c881c9be57e7dbcc7d93c8",
                "shasum": ""
            },
            "require": {
                "ext-pcre": "*",
                "php": ">=5.4"
            },
            "require-dev": {
                "nette/tester": "*",
                "phpunit/phpcov": "^2.0",
                "satooshi/php-coveralls": "*"
            },
            "type": "library",
            "autoload": {
                "psr-4": {
                    "Leuffen\\TextTemplate\\": "src/"
                }
            },
            "notification-url": "https://packagist.org/downloads/",
            "license": [
                "MIT"
            ],
            "authors": [
                {
                    "name": "Matthias Leuffen",
                    "email": "matthes@leuffen.de"
                }
            ],
            "description": "Simple and secure string-template-engine (Twig-like syntax) with nested if/elseif/else, loops, filters. Simple OOP api: Just one class doing the job (2-lines of code). Fast and secure: No code-generation, no eval'ed() code. Extensible by callbacks. Fully tested. Rich examples included.",
            "homepage": "http://text-template.pub.leuffen.de",
            "keywords": [
                "filter",
                "for",
                "if",
                "loop",
                "mail",
                "render",
                "smarty",
                "template",
                "text",
                "twig"
            ],
            "time": "2019-05-29T20:55:36+00:00"
        }
    ],
    "packages-dev": [],
    "aliases": [],
    "minimum-stability": "dev",
    "stability-flags": {
        "phore/micro-app": 20,
        "phore/filesystem": 20,
        "phore/system": 20,
        "phore/cloudtool": 20,
        "phore/http-client": 20,
        "phore/letsencrypt": 20,
        "phore/vcs": 20
    },
    "prefer-stable": false,
    "prefer-lowest": false,
    "platform": {
        "php": ">7.2"
    },
    "platform-dev": []
}
